
Microsoft Visual Studio Solution File, Format Version 12.00
# Visual Studio Version 17
VisualStudioVersion = 17.0.31825.309
MinimumVisualStudioVersion = 10.0.40219.1
Project("{9A19103F-16F7-4668-BE54-9A1E7A4F7556}") = "KrieptoBot.AzureFunction", "KrieptoBot.AzureFunction\KrieptoBot.AzureFunction.csproj", "{C2D66250-618B-4159-B660-9066A8E261A4}"
EndProject
Project("{9A19103F-16F7-4668-BE54-9A1E7A4F7556}") = "KrieptoBot.Infrastructure.Bitvavo", "KrieptoBot.Infrastructure.Bitvavo\KrieptoBot.Infrastructure.Bitvavo.csproj", "{D4B1AE2F-B140-4378-9AF7-D992243D6038}"
EndProject
Project("{9A19103F-16F7-4668-BE54-9A1E7A4F7556}") = "KrieptoBot.Domain", "KrieptoBot.Domain\KrieptoBot.Domain.csproj", "{E0CBAA45-A540-4201-95AC-38A5B7FD9ABF}"
EndProject
Project("{9A19103F-16F7-4668-BE54-9A1E7A4F7556}") = "KrieptoBot.Application", "KrieptoBot.Application\KrieptoBot.Application.csproj", "{2231F5B8-9380-4A8D-BA26-94E85BB566DE}"
EndProject
Project("{9A19103F-16F7-4668-BE54-9A1E7A4F7556}") = "KrieptoBot.Infrastructure", "KrieptoBot.Infrastructure\KrieptoBot.Infrastructure.csproj", "{20E0C777-CAFD-4BE1-B928-C31F4DA26FB1}"
EndProject
Project("{9A19103F-16F7-4668-BE54-9A1E7A4F7556}") = "KrieptoBot.Tests", "KrieptoBot.Tests\KrieptoBot.Tests.csproj", "{932FC164-3F3B-414C-8609-E87D6AE530E3}"
EndProject
Project("{9A19103F-16F7-4668-BE54-9A1E7A4F7556}") = "KrieptoBot.ConsoleLauncher", "KrieptoBot.ConsoleLauncher\KrieptoBot.ConsoleLauncher.csproj", "{9A20F355-C392-453F-8DC9-5BAFE3674DA5}"
EndProject
Project("{FAE04EC0-301F-11D3-BF4B-00C04F79EFBC}") = "KrieptoBot.DataCollector", "KrieptoBot.DataCollector\KrieptoBot.DataCollector.csproj", "{AE58EE43-F7DB-4F36-A8C5-44589A05B75D}"
EndProject
Project("{FAE04EC0-301F-11D3-BF4B-00C04F79EFBC}") = "KrieptoBot.ConsoleLauncher.Tests", "KrieptoBot.ConsoleLauncher.Tests\KrieptoBot.ConsoleLauncher.Tests.csproj", "{0EFC9693-9012-44FB-80C8-A6D7F005EF43}"
EndProject
Project("{FAE04EC0-301F-11D3-BF4B-00C04F79EFBC}") = "KrieptoBot.DataVisualizer", "KrieptoBot.DataVisualizer\KrieptoBot.DataVisualizer.csproj", "{79212C03-800D-4317-A763-0F34C64176C8}"
EndProject
Project("{2150E333-8FDC-42A3-9474-1A3956D46DE8}") = "Solution items", "Solution items", "{8C4C7360-B3FE-4F9F-B31B-0FAE2DDF7B7A}"
	ProjectSection(SolutionItems) = preProject
		.gitignore = .gitignore
		global.json = global.json
		README.md = README.md
	EndProjectSection
EndProject
Global
	GlobalSection(SolutionConfigurationPlatforms) = preSolution
		Debug|Any CPU = Debug|Any CPU
		Release|Any CPU = Release|Any CPU
		Debug-Non-Windows-Specific|Any CPU = Debug-Non-Windows-Specific|Any CPU
	EndGlobalSection
	GlobalSection(ProjectConfigurationPlatforms) = postSolution
		{C2D66250-618B-4159-B660-9066A8E261A4}.Debug|Any CPU.ActiveCfg = Debug|Any CPU
		{C2D66250-618B-4159-B660-9066A8E261A4}.Debug|Any CPU.Build.0 = Debug|Any CPU
		{C2D66250-618B-4159-B660-9066A8E261A4}.Release|Any CPU.ActiveCfg = Release|Any CPU
		{C2D66250-618B-4159-B660-9066A8E261A4}.Release|Any CPU.Build.0 = Release|Any CPU
		{C2D66250-618B-4159-B660-9066A8E261A4}.Debug-Non-Windows-Specific|Any CPU.ActiveCfg = Debug-Non-Windows-Specific|Any CPU
		{C2D66250-618B-4159-B660-9066A8E261A4}.Debug-Non-Windows-Specific|Any CPU.Build.0 = Debug-Non-Windows-Specific|Any CPU
		{D4B1AE2F-B140-4378-9AF7-D992243D6038}.Debug|Any CPU.ActiveCfg = Debug|Any CPU
		{D4B1AE2F-B140-4378-9AF7-D992243D6038}.Debug|Any CPU.Build.0 = Debug|Any CPU
		{D4B1AE2F-B140-4378-9AF7-D992243D6038}.Release|Any CPU.ActiveCfg = Release|Any CPU
		{D4B1AE2F-B140-4378-9AF7-D992243D6038}.Release|Any CPU.Build.0 = Release|Any CPU
		{D4B1AE2F-B140-4378-9AF7-D992243D6038}.Debug-Non-Windows-Specific|Any CPU.ActiveCfg = Debug-Non-Windows-Specific|Any CPU
		{D4B1AE2F-B140-4378-9AF7-D992243D6038}.Debug-Non-Windows-Specific|Any CPU.Build.0 = Debug-Non-Windows-Specific|Any CPU
		{E0CBAA45-A540-4201-95AC-38A5B7FD9ABF}.Debug|Any CPU.ActiveCfg = Debug|Any CPU
		{E0CBAA45-A540-4201-95AC-38A5B7FD9ABF}.Debug|Any CPU.Build.0 = Debug|Any CPU
		{E0CBAA45-A540-4201-95AC-38A5B7FD9ABF}.Release|Any CPU.ActiveCfg = Release|Any CPU
		{E0CBAA45-A540-4201-95AC-38A5B7FD9ABF}.Release|Any CPU.Build.0 = Release|Any CPU
		{E0CBAA45-A540-4201-95AC-38A5B7FD9ABF}.Debug-Non-Windows-Specific|Any CPU.ActiveCfg = Debug-Non-Windows-Specific|Any CPU
		{E0CBAA45-A540-4201-95AC-38A5B7FD9ABF}.Debug-Non-Windows-Specific|Any CPU.Build.0 = Debug-Non-Windows-Specific|Any CPU
		{2231F5B8-9380-4A8D-BA26-94E85BB566DE}.Debug|Any CPU.ActiveCfg = Debug|Any CPU
		{2231F5B8-9380-4A8D-BA26-94E85BB566DE}.Debug|Any CPU.Build.0 = Debug|Any CPU
		{2231F5B8-9380-4A8D-BA26-94E85BB566DE}.Release|Any CPU.ActiveCfg = Release|Any CPU
		{2231F5B8-9380-4A8D-BA26-94E85BB566DE}.Release|Any CPU.Build.0 = Release|Any CPU
		{2231F5B8-9380-4A8D-BA26-94E85BB566DE}.Debug-Non-Windows-Specific|Any CPU.ActiveCfg = Debug-Non-Windows-Specific|Any CPU
		{2231F5B8-9380-4A8D-BA26-94E85BB566DE}.Debug-Non-Windows-Specific|Any CPU.Build.0 = Debug-Non-Windows-Specific|Any CPU
		{20E0C777-CAFD-4BE1-B928-C31F4DA26FB1}.Debug|Any CPU.ActiveCfg = Debug|Any CPU
		{20E0C777-CAFD-4BE1-B928-C31F4DA26FB1}.Debug|Any CPU.Build.0 = Debug|Any CPU
		{20E0C777-CAFD-4BE1-B928-C31F4DA26FB1}.Release|Any CPU.ActiveCfg = Release|Any CPU
		{20E0C777-CAFD-4BE1-B928-C31F4DA26FB1}.Release|Any CPU.Build.0 = Release|Any CPU
		{20E0C777-CAFD-4BE1-B928-C31F4DA26FB1}.Debug-Non-Windows-Specific|Any CPU.ActiveCfg = Debug-Non-Windows-Specific|Any CPU
		{20E0C777-CAFD-4BE1-B928-C31F4DA26FB1}.Debug-Non-Windows-Specific|Any CPU.Build.0 = Debug-Non-Windows-Specific|Any CPU
		{932FC164-3F3B-414C-8609-E87D6AE530E3}.Debug|Any CPU.ActiveCfg = Debug|Any CPU
		{932FC164-3F3B-414C-8609-E87D6AE530E3}.Debug|Any CPU.Build.0 = Debug|Any CPU
		{932FC164-3F3B-414C-8609-E87D6AE530E3}.Release|Any CPU.ActiveCfg = Release|Any CPU
		{932FC164-3F3B-414C-8609-E87D6AE530E3}.Release|Any CPU.Build.0 = Release|Any CPU
		{932FC164-3F3B-414C-8609-E87D6AE530E3}.Debug-Non-Windows-Specific|Any CPU.ActiveCfg = Debug-Non-Windows-Specific|Any CPU
		{932FC164-3F3B-414C-8609-E87D6AE530E3}.Debug-Non-Windows-Specific|Any CPU.Build.0 = Debug-Non-Windows-Specific|Any CPU
		{9A20F355-C392-453F-8DC9-5BAFE3674DA5}.Debug|Any CPU.ActiveCfg = Debug|Any CPU
		{9A20F355-C392-453F-8DC9-5BAFE3674DA5}.Debug|Any CPU.Build.0 = Debug|Any CPU
		{9A20F355-C392-453F-8DC9-5BAFE3674DA5}.Release|Any CPU.ActiveCfg = Release|Any CPU
		{9A20F355-C392-453F-8DC9-5BAFE3674DA5}.Release|Any CPU.Build.0 = Release|Any CPU
		{9A20F355-C392-453F-8DC9-5BAFE3674DA5}.Debug-Non-Windows-Specific|Any CPU.ActiveCfg = Debug|Any CPU
		{AE58EE43-F7DB-4F36-A8C5-44589A05B75D}.Debug|Any CPU.ActiveCfg = Debug|Any CPU
		{AE58EE43-F7DB-4F36-A8C5-44589A05B75D}.Debug|Any CPU.Build.0 = Debug|Any CPU
		{AE58EE43-F7DB-4F36-A8C5-44589A05B75D}.Release|Any CPU.ActiveCfg = Release|Any CPU
		{AE58EE43-F7DB-4F36-A8C5-44589A05B75D}.Release|Any CPU.Build.0 = Release|Any CPU
		{AE58EE43-F7DB-4F36-A8C5-44589A05B75D}.Debug-Non-Windows-Specific|Any CPU.ActiveCfg = Debug-Non-Windows-Specific|Any CPU
		{AE58EE43-F7DB-4F36-A8C5-44589A05B75D}.Debug-Non-Windows-Specific|Any CPU.Build.0 = Debug-Non-Windows-Specific|Any CPU
		{0EFC9693-9012-44FB-80C8-A6D7F005EF43}.Debug|Any CPU.ActiveCfg = Debug|Any CPU
		{0EFC9693-9012-44FB-80C8-A6D7F005EF43}.Debug|Any CPU.Build.0 = Debug|Any CPU
		{0EFC9693-9012-44FB-80C8-A6D7F005EF43}.Release|Any CPU.ActiveCfg = Release|Any CPU
		{0EFC9693-9012-44FB-80C8-A6D7F005EF43}.Release|Any CPU.Build.0 = Release|Any CPU
		{0EFC9693-9012-44FB-80C8-A6D7F005EF43}.Debug-Non-Windows-Specific|Any CPU.ActiveCfg = Debug|Any CPU
		{79212C03-800D-4317-A763-0F34C64176C8}.Debug|Any CPU.ActiveCfg = Debug|Any CPU
		{79212C03-800D-4317-A763-0F34C64176C8}.Debug|Any CPU.Build.0 = Debug|Any CPU
		{79212C03-800D-4317-A763-0F34C64176C8}.Release|Any CPU.ActiveCfg = Release|Any CPU
		{79212C03-800D-4317-A763-0F34C64176C8}.Release|Any CPU.Build.0 = Release|Any CPU
		{79212C03-800D-4317-A763-0F34C64176C8}.Debug-Non-Windows-Specific|Any CPU.ActiveCfg = Debug|Any CPU
		{79212C03-800D-4317-A763-0F34C64176C8}.Debug-Non-Windows-Specific|Any CPU.Build.0 = Debug|Any CPU
	EndGlobalSection
	GlobalSection(SolutionProperties) = preSolution
		HideSolutionNode = FALSE
	EndGlobalSection
	GlobalSection(ExtensibilityGlobals) = postSolution
		SolutionGuid = {74295DDF-82D1-4387-8550-3C322DF484B2}
	EndGlobalSection
EndGlobal
