
Microsoft Visual Studio Solution File, Format Version 12.00
# Visual Studio Version 16
VisualStudioVersion = 16.0.31019.35
MinimumVisualStudioVersion = 10.0.40219.1
Project("{9A19103F-16F7-4668-BE54-9A1E7A4F7556}") = "KrieptoBot.AzureFunction", "KrieptoBot.AzureFunction\KrieptoBot.AzureFunction.csproj", "{C2D66250-618B-4159-B660-9066A8E261A4}"
EndProject
Project("{9A19103F-16F7-4668-BE54-9A1E7A4F7556}") = "KrieptoBot.Infrastructure.Bitvavo", "KrieptoBot.Infrastructure.Bitvavo\KrieptoBot.Infrastructure.Bitvavo.csproj", "{D4B1AE2F-B140-4378-9AF7-D992243D6038}"
EndProject
Project("{9A19103F-16F7-4668-BE54-9A1E7A4F7556}") = "KrieptoBot.Model", "KrieptoBot.Model\KrieptoBot.Model.csproj", "{E0CBAA45-A540-4201-95AC-38A5B7FD9ABF}"
EndProject
Project("{9A19103F-16F7-4668-BE54-9A1E7A4F7556}") = "KrieptoBot.Application", "KrieptoBot.Application\KrieptoBot.Application.csproj", "{2231F5B8-9380-4A8D-BA26-94E85BB566DE}"
EndProject
Project("{9A19103F-16F7-4668-BE54-9A1E7A4F7556}") = "KrieptoBot.Infrastructure", "KrieptoBot.Infrastructure\KrieptoBot.Infrastructure.csproj", "{20E0C777-CAFD-4BE1-B928-C31F4DA26FB1}"
EndProject
Project("{9A19103F-16F7-4668-BE54-9A1E7A4F7556}") = "KrieptoBot.Tests", "KrieptoBot.Tests\KrieptoBot.Tests.csproj", "{932FC164-3F3B-414C-8609-E87D6AE530E3}"
EndProject
Project("{9A19103F-16F7-4668-BE54-9A1E7A4F7556}") = "KrieptoBot.ConsoleLauncher", "KrieptoBot.ConsoleLauncher\KrieptoBot.ConsoleLauncher.csproj", "{9A20F355-C392-453F-8DC9-5BAFE3674DA5}"
EndProject
Project("{FAE04EC0-301F-11D3-BF4B-00C04F79EFBC}") = "KrieptoBot.StrategyTester", "KrieptoBot.StrategyTester\KrieptoBot.StrategyTester.csproj", "{ABE56ABB-6362-492F-86C2-C10F57AC8E8E}"
EndProject
Global
	GlobalSection(SolutionConfigurationPlatforms) = preSolution
		Debug|Any CPU = Debug|Any CPU
		Release|Any CPU = Release|Any CPU
	EndGlobalSection
	GlobalSection(ProjectConfigurationPlatforms) = postSolution
		{C2D66250-618B-4159-B660-9066A8E261A4}.Debug|Any CPU.ActiveCfg = Debug|Any CPU
		{C2D66250-618B-4159-B660-9066A8E261A4}.Debug|Any CPU.Build.0 = Debug|Any CPU
		{C2D66250-618B-4159-B660-9066A8E261A4}.Release|Any CPU.ActiveCfg = Release|Any CPU
		{C2D66250-618B-4159-B660-9066A8E261A4}.Release|Any CPU.Build.0 = Release|Any CPU
		{D4B1AE2F-B140-4378-9AF7-D992243D6038}.Debug|Any CPU.ActiveCfg = Debug|Any CPU
		{D4B1AE2F-B140-4378-9AF7-D992243D6038}.Debug|Any CPU.Build.0 = Debug|Any CPU
		{D4B1AE2F-B140-4378-9AF7-D992243D6038}.Release|Any CPU.ActiveCfg = Release|Any CPU
		{D4B1AE2F-B140-4378-9AF7-D992243D6038}.Release|Any CPU.Build.0 = Release|Any CPU
		{E0CBAA45-A540-4201-95AC-38A5B7FD9ABF}.Debug|Any CPU.ActiveCfg = Debug|Any CPU
		{E0CBAA45-A540-4201-95AC-38A5B7FD9ABF}.Debug|Any CPU.Build.0 = Debug|Any CPU
		{E0CBAA45-A540-4201-95AC-38A5B7FD9ABF}.Release|Any CPU.ActiveCfg = Release|Any CPU
		{E0CBAA45-A540-4201-95AC-38A5B7FD9ABF}.Release|Any CPU.Build.0 = Release|Any CPU
		{2231F5B8-9380-4A8D-BA26-94E85BB566DE}.Debug|Any CPU.ActiveCfg = Debug|Any CPU
		{2231F5B8-9380-4A8D-BA26-94E85BB566DE}.Debug|Any CPU.Build.0 = Debug|Any CPU
		{2231F5B8-9380-4A8D-BA26-94E85BB566DE}.Release|Any CPU.ActiveCfg = Release|Any CPU
		{2231F5B8-9380-4A8D-BA26-94E85BB566DE}.Release|Any CPU.Build.0 = Release|Any CPU
		{20E0C777-CAFD-4BE1-B928-C31F4DA26FB1}.Debug|Any CPU.ActiveCfg = Debug|Any CPU
		{20E0C777-CAFD-4BE1-B928-C31F4DA26FB1}.Debug|Any CPU.Build.0 = Debug|Any CPU
		{20E0C777-CAFD-4BE1-B928-C31F4DA26FB1}.Release|Any CPU.ActiveCfg = Release|Any CPU
		{20E0C777-CAFD-4BE1-B928-C31F4DA26FB1}.Release|Any CPU.Build.0 = Release|Any CPU
		{932FC164-3F3B-414C-8609-E87D6AE530E3}.Debug|Any CPU.ActiveCfg = Debug|Any CPU
		{932FC164-3F3B-414C-8609-E87D6AE530E3}.Debug|Any CPU.Build.0 = Debug|Any CPU
		{932FC164-3F3B-414C-8609-E87D6AE530E3}.Release|Any CPU.ActiveCfg = Release|Any CPU
		{932FC164-3F3B-414C-8609-E87D6AE530E3}.Release|Any CPU.Build.0 = Release|Any CPU
		{9A20F355-C392-453F-8DC9-5BAFE3674DA5}.Debug|Any CPU.ActiveCfg = Debug|Any CPU
		{9A20F355-C392-453F-8DC9-5BAFE3674DA5}.Debug|Any CPU.Build.0 = Debug|Any CPU
		{9A20F355-C392-453F-8DC9-5BAFE3674DA5}.Release|Any CPU.ActiveCfg = Release|Any CPU
		{9A20F355-C392-453F-8DC9-5BAFE3674DA5}.Release|Any CPU.Build.0 = Release|Any CPU
		{ABE56ABB-6362-492F-86C2-C10F57AC8E8E}.Debug|Any CPU.ActiveCfg = Debug|Any CPU
		{ABE56ABB-6362-492F-86C2-C10F57AC8E8E}.Debug|Any CPU.Build.0 = Debug|Any CPU
		{ABE56ABB-6362-492F-86C2-C10F57AC8E8E}.Release|Any CPU.ActiveCfg = Release|Any CPU
		{ABE56ABB-6362-492F-86C2-C10F57AC8E8E}.Release|Any CPU.Build.0 = Release|Any CPU
	EndGlobalSection
	GlobalSection(SolutionProperties) = preSolution
		HideSolutionNode = FALSE
	EndGlobalSection
	GlobalSection(ExtensibilityGlobals) = postSolution
		SolutionGuid = {74295DDF-82D1-4387-8550-3C322DF484B2}
	EndGlobalSection
EndGlobal
